// !$*UTF8*$!
{
	archiveVersion = 1;
	classes = {
	};
	objectVersion = 50;
	objects = {

/* Begin PBXBuildFile section */
		59FEB361209B417300E4AAD7 /* AppDelegate.swift in Sources */ = {isa = PBXBuildFile; fileRef = 59FEB360209B417300E4AAD7 /* AppDelegate.swift */; };
		59FEB363209B417300E4AAD7 /* ViewController.swift in Sources */ = {isa = PBXBuildFile; fileRef = 59FEB362209B417300E4AAD7 /* ViewController.swift */; };
		59FEB366209B417300E4AAD7 /* Main.storyboard in Resources */ = {isa = PBXBuildFile; fileRef = 59FEB364209B417300E4AAD7 /* Main.storyboard */; };
		59FEB368209B417500E4AAD7 /* Assets.xcassets in Resources */ = {isa = PBXBuildFile; fileRef = 59FEB367209B417500E4AAD7 /* Assets.xcassets */; };
		59FEB36B209B417500E4AAD7 /* LaunchScreen.storyboard in Resources */ = {isa = PBXBuildFile; fileRef = 59FEB369209B417500E4AAD7 /* LaunchScreen.storyboard */; };
		59FEB376209B417600E4AAD7 /* A512______Tests.swift in Sources */ = {isa = PBXBuildFile; fileRef = 59FEB375209B417600E4AAD7 /* A512______Tests.swift */; };
		59FEB381209B417600E4AAD7 /* A512______UITests.swift in Sources */ = {isa = PBXBuildFile; fileRef = 59FEB380209B417600E4AAD7 /* A512______UITests.swift */; };
/* End PBXBuildFile section */

/* Begin PBXContainerItemProxy section */
		59FEB372209B417600E4AAD7 /* PBXContainerItemProxy */ = {
			isa = PBXContainerItemProxy;
			containerPortal = 59FEB355209B417300E4AAD7 /* Project object */;
			proxyType = 1;
			remoteGlobalIDString = 59FEB35C209B417300E4AAD7;
			remoteInfo = "A512頁面傳遞作業";
		};
		59FEB37D209B417600E4AAD7 /* PBXContainerItemProxy */ = {
			isa = PBXContainerItemProxy;
			containerPortal = 59FEB355209B417300E4AAD7 /* Project object */;
			proxyType = 1;
			remoteGlobalIDString = 59FEB35C209B417300E4AAD7;
			remoteInfo = "A512頁面傳遞作業";
		};
/* End PBXContainerItemProxy section */

/* Begin PBXFileReference section */
		59FEB35D209B417300E4AAD7 /* A512頁面傳遞作業.app */ = {isa = PBXFileReference; explicitFileType = wrapper.application; includeInIndex = 0; path = "A512頁面傳遞作業.app"; sourceTree = BUILT_PRODUCTS_DIR; };
		59FEB360209B417300E4AAD7 /* AppDelegate.swift */ = {isa = PBXFileReference; lastKnownFileType = sourcecode.swift; path = AppDelegate.swift; sourceTree = "<group>"; };
		59FEB362209B417300E4AAD7 /* ViewController.swift */ = {isa = PBXFileReference; lastKnownFileType = sourcecode.swift; path = ViewController.swift; sourceTree = "<group>"; };
		59FEB365209B417300E4AAD7 /* Base */ = {isa = PBXFileReference; lastKnownFileType = file.storyboard; name = Base; path = Base.lproj/Main.storyboard; sourceTree = "<group>"; };
		59FEB367209B417500E4AAD7 /* Assets.xcassets */ = {isa = PBXFileReference; lastKnownFileType = folder.assetcatalog; path = Assets.xcassets; sourceTree = "<group>"; };
		59FEB36A209B417500E4AAD7 /* Base */ = {isa = PBXFileReference; lastKnownFileType = file.storyboard; name = Base; path = Base.lproj/LaunchScreen.storyboard; sourceTree = "<group>"; };
		59FEB36C209B417500E4AAD7 /* Info.plist */ = {isa = PBXFileReference; lastKnownFileType = text.plist.xml; path = Info.plist; sourceTree = "<group>"; };
		59FEB371209B417500E4AAD7 /* A512頁面傳遞作業Tests.xctest */ = {isa = PBXFileReference; explicitFileType = wrapper.cfbundle; includeInIndex = 0; path = "A512頁面傳遞作業Tests.xctest"; sourceTree = BUILT_PRODUCTS_DIR; };
		59FEB375209B417600E4AAD7 /* A512______Tests.swift */ = {isa = PBXFileReference; lastKnownFileType = sourcecode.swift; path = "A512______Tests.swift"; sourceTree = "<group>"; };
		59FEB377209B417600E4AAD7 /* Info.plist */ = {isa = PBXFileReference; lastKnownFileType = text.plist.xml; path = Info.plist; sourceTree = "<group>"; };
		59FEB37C209B417600E4AAD7 /* A512頁面傳遞作業UITests.xctest */ = {isa = PBXFileReference; explicitFileType = wrapper.cfbundle; includeInIndex = 0; path = "A512頁面傳遞作業UITests.xctest"; sourceTree = BUILT_PRODUCTS_DIR; };
		59FEB380209B417600E4AAD7 /* A512______UITests.swift */ = {isa = PBXFileReference; lastKnownFileType = sourcecode.swift; path = "A512______UITests.swift"; sourceTree = "<group>"; };
		59FEB382209B417600E4AAD7 /* Info.plist */ = {isa = PBXFileReference; lastKnownFileType = text.plist.xml; path = Info.plist; sourceTree = "<group>"; };
/* End PBXFileReference section */

/* Begin PBXFrameworksBuildPhase section */
		59FEB35A209B417300E4AAD7 /* Frameworks */ = {
			isa = PBXFrameworksBuildPhase;
			buildActionMask = 2147483647;
			files = (
			);
			runOnlyForDeploymentPostprocessing = 0;
		};
		59FEB36E209B417500E4AAD7 /* Frameworks */ = {
			isa = PBXFrameworksBuildPhase;
			buildActionMask = 2147483647;
			files = (
			);
			runOnlyForDeploymentPostprocessing = 0;
		};
		59FEB379209B417600E4AAD7 /* Frameworks */ = {
			isa = PBXFrameworksBuildPhase;
			buildActionMask = 2147483647;
			files = (
			);
			runOnlyForDeploymentPostprocessing = 0;
		};
/* End PBXFrameworksBuildPhase section */

/* Begin PBXGroup section */
		59FEB354209B417300E4AAD7 = {
			isa = PBXGroup;
			children = (
				59FEB35F209B417300E4AAD7 /* A512頁面傳遞作業 */,
				59FEB374209B417600E4AAD7 /* A512頁面傳遞作業Tests */,
				59FEB37F209B417600E4AAD7 /* A512頁面傳遞作業UITests */,
				59FEB35E209B417300E4AAD7 /* Products */,
			);
			sourceTree = "<group>";
		};
		59FEB35E209B417300E4AAD7 /* Products */ = {
			isa = PBXGroup;
			children = (
				59FEB35D209B417300E4AAD7 /* A512頁面傳遞作業.app */,
				59FEB371209B417500E4AAD7 /* A512頁面傳遞作業Tests.xctest */,
				59FEB37C209B417600E4AAD7 /* A512頁面傳遞作業UITests.xctest */,
			);
			name = Products;
			sourceTree = "<group>";
		};
		59FEB35F209B417300E4AAD7 /* A512頁面傳遞作業 */ = {
			isa = PBXGroup;
			children = (
				59FEB360209B417300E4AAD7 /* AppDelegate.swift */,
				59FEB362209B417300E4AAD7 /* ViewController.swift */,
				59FEB364209B417300E4AAD7 /* Main.storyboard */,
				59FEB367209B417500E4AAD7 /* Assets.xcassets */,
				59FEB369209B417500E4AAD7 /* LaunchScreen.storyboard */,
				59FEB36C209B417500E4AAD7 /* Info.plist */,
			);
			path = "A512頁面傳遞作業";
			sourceTree = "<group>";
		};
		59FEB374209B417600E4AAD7 /* A512頁面傳遞作業Tests */ = {
			isa = PBXGroup;
			children = (
				59FEB375209B417600E4AAD7 /* A512______Tests.swift */,
				59FEB377209B417600E4AAD7 /* Info.plist */,
			);
			path = "A512頁面傳遞作業Tests";
			sourceTree = "<group>";
		};
		59FEB37F209B417600E4AAD7 /* A512頁面傳遞作業UITests */ = {
			isa = PBXGroup;
			children = (
				59FEB380209B417600E4AAD7 /* A512______UITests.swift */,
				59FEB382209B417600E4AAD7 /* Info.plist */,
			);
			path = "A512頁面傳遞作業UITests";
			sourceTree = "<group>";
		};
/* End PBXGroup section */

/* Begin PBXNativeTarget section */
		59FEB35C209B417300E4AAD7 /* A512頁面傳遞作業 */ = {
			isa = PBXNativeTarget;
			buildConfigurationList = 59FEB385209B417600E4AAD7 /* Build configuration list for PBXNativeTarget "A512頁面傳遞作業" */;
			buildPhases = (
				59FEB359209B417300E4AAD7 /* Sources */,
				59FEB35A209B417300E4AAD7 /* Frameworks */,
				59FEB35B209B417300E4AAD7 /* Resources */,
			);
			buildRules = (
			);
			dependencies = (
			);
			name = "A512頁面傳遞作業";
			productName = "A512頁面傳遞作業";
			productReference = 59FEB35D209B417300E4AAD7 /* A512頁面傳遞作業.app */;
			productType = "com.apple.product-type.application";
		};
		59FEB370209B417500E4AAD7 /* A512頁面傳遞作業Tests */ = {
			isa = PBXNativeTarget;
			buildConfigurationList = 59FEB388209B417600E4AAD7 /* Build configuration list for PBXNativeTarget "A512頁面傳遞作業Tests" */;
			buildPhases = (
				59FEB36D209B417500E4AAD7 /* Sources */,
				59FEB36E209B417500E4AAD7 /* Frameworks */,
				59FEB36F209B417500E4AAD7 /* Resources */,
			);
			buildRules = (
			);
			dependencies = (
				59FEB373209B417600E4AAD7 /* PBXTargetDependency */,
			);
			name = "A512頁面傳遞作業Tests";
			productName = "A512頁面傳遞作業Tests";
			productReference = 59FEB371209B417500E4AAD7 /* A512頁面傳遞作業Tests.xctest */;
			productType = "com.apple.product-type.bundle.unit-test";
		};
		59FEB37B209B417600E4AAD7 /* A512頁面傳遞作業UITests */ = {
			isa = PBXNativeTarget;
			buildConfigurationList = 59FEB38B209B417600E4AAD7 /* Build configuration list for PBXNativeTarget "A512頁面傳遞作業UITests" */;
			buildPhases = (
				59FEB378209B417600E4AAD7 /* Sources */,
				59FEB379209B417600E4AAD7 /* Frameworks */,
				59FEB37A209B417600E4AAD7 /* Resources */,
			);
			buildRules = (
			);
			dependencies = (
				59FEB37E209B417600E4AAD7 /* PBXTargetDependency */,
			);
			name = "A512頁面傳遞作業UITests";
			productName = "A512頁面傳遞作業UITests";
			productReference = 59FEB37C209B417600E4AAD7 /* A512頁面傳遞作業UITests.xctest */;
			productType = "com.apple.product-type.bundle.ui-testing";
		};
/* End PBXNativeTarget section */

/* Begin PBXProject section */
		59FEB355209B417300E4AAD7 /* Project object */ = {
			isa = PBXProject;
			attributes = {
				LastSwiftUpdateCheck = 0930;
				LastUpgradeCheck = 0930;
				ORGANIZATIONNAME = "范博勝";
				TargetAttributes = {
					59FEB35C209B417300E4AAD7 = {
						CreatedOnToolsVersion = 9.3;
					};
					59FEB370209B417500E4AAD7 = {
						CreatedOnToolsVersion = 9.3;
						TestTargetID = 59FEB35C209B417300E4AAD7;
					};
					59FEB37B209B417600E4AAD7 = {
						CreatedOnToolsVersion = 9.3;
						TestTargetID = 59FEB35C209B417300E4AAD7;
					};
				};
			};
			buildConfigurationList = 59FEB358209B417300E4AAD7 /* Build configuration list for PBXProject "A512頁面傳遞作業" */;
			compatibilityVersion = "Xcode 9.3";
			developmentRegion = en;
			hasScannedForEncodings = 0;
			knownRegions = (
				en,
				Base,
			);
			mainGroup = 59FEB354209B417300E4AAD7;
			productRefGroup = 59FEB35E209B417300E4AAD7 /* Products */;
			projectDirPath = "";
			projectRoot = "";
			targets = (
				59FEB35C209B417300E4AAD7 /* A512頁面傳遞作業 */,
				59FEB370209B417500E4AAD7 /* A512頁面傳遞作業Tests */,
				59FEB37B209B417600E4AAD7 /* A512頁面傳遞作業UITests */,
			);
		};
/* End PBXProject section */

/* Begin PBXResourcesBuildPhase section */
		59FEB35B209B417300E4AAD7 /* Resources */ = {
			isa = PBXResourcesBuildPhase;
			buildActionMask = 2147483647;
			files = (
				59FEB36B209B417500E4AAD7 /* LaunchScreen.storyboard in Resources */,
				59FEB368209B417500E4AAD7 /* Assets.xcassets in Resources */,
				59FEB366209B417300E4AAD7 /* Main.storyboard in Resources */,
			);
			runOnlyForDeploymentPostprocessing = 0;
		};
		59FEB36F209B417500E4AAD7 /* Resources */ = {
			isa = PBXResourcesBuildPhase;
			buildActionMask = 2147483647;
			files = (
			);
			runOnlyForDeploymentPostprocessing = 0;
		};
		59FEB37A209B417600E4AAD7 /* Resources */ = {
			isa = PBXResourcesBuildPhase;
			buildActionMask = 2147483647;
			files = (
			);
			runOnlyForDeploymentPostprocessing = 0;
		};
/* End PBXResourcesBuildPhase section */

/* Begin PBXSourcesBuildPhase section */
		59FEB359209B417300E4AAD7 /* Sources */ = {
			isa = PBXSourcesBuildPhase;
			buildActionMask = 2147483647;
			files = (
				59FEB363209B417300E4AAD7 /* ViewController.swift in Sources */,
				59FEB361209B417300E4AAD7 /* AppDelegate.swift in Sources */,
			);
			runOnlyForDeploymentPostprocessing = 0;
		};
		59FEB36D209B417500E4AAD7 /* Sources */ = {
			isa = PBXSourcesBuildPhase;
			buildActionMask = 2147483647;
			files = (
				59FEB376209B417600E4AAD7 /* A512______Tests.swift in Sources */,
			);
			runOnlyForDeploymentPostprocessing = 0;
		};
		59FEB378209B417600E4AAD7 /* Sources */ = {
			isa = PBXSourcesBuildPhase;
			buildActionMask = 2147483647;
			files = (
				59FEB381209B417600E4AAD7 /* A512______UITests.swift in Sources */,
			);
			runOnlyForDeploymentPostprocessing = 0;
		};
/* End PBXSourcesBuildPhase section */

/* Begin PBXTargetDependency section */
		59FEB373209B417600E4AAD7 /* PBXTargetDependency */ = {
			isa = PBXTargetDependency;
			target = 59FEB35C209B417300E4AAD7 /* A512頁面傳遞作業 */;
			targetProxy = 59FEB372209B417600E4AAD7 /* PBXContainerItemProxy */;
		};
		59FEB37E209B417600E4AAD7 /* PBXTargetDependency */ = {
			isa = PBXTargetDependency;
			target = 59FEB35C209B417300E4AAD7 /* A512頁面傳遞作業 */;
			targetProxy = 59FEB37D209B417600E4AAD7 /* PBXContainerItemProxy */;
		};
/* End PBXTargetDependency section */

/* Begin PBXVariantGroup section */
		59FEB364209B417300E4AAD7 /* Main.storyboard */ = {
			isa = PBXVariantGroup;
			children = (
				59FEB365209B417300E4AAD7 /* Base */,
			);
			name = Main.storyboard;
			sourceTree = "<group>";
		};
		59FEB369209B417500E4AAD7 /* LaunchScreen.storyboard */ = {
			isa = PBXVariantGroup;
			children = (
				59FEB36A209B417500E4AAD7 /* Base */,
			);
			name = LaunchScreen.storyboard;
			sourceTree = "<group>";
		};
/* End PBXVariantGroup section */

/* Begin XCBuildConfiguration section */
		59FEB383209B417600E4AAD7 /* Debug */ = {
			isa = XCBuildConfiguration;
			buildSettings = {
				ALWAYS_SEARCH_USER_PATHS = NO;
				CLANG_ANALYZER_NONNULL = YES;
				CLANG_ANALYZER_NUMBER_OBJECT_CONVERSION = YES_AGGRESSIVE;
				CLANG_CXX_LANGUAGE_STANDARD = "gnu++14";
				CLANG_CXX_LIBRARY = "libc++";
				CLANG_ENABLE_MODULES = YES;
				CLANG_ENABLE_OBJC_ARC = YES;
				CLANG_ENABLE_OBJC_WEAK = YES;
				CLANG_WARN_BLOCK_CAPTURE_AUTORELEASING = YES;
				CLANG_WARN_BOOL_CONVERSION = YES;
				CLANG_WARN_COMMA = YES;
				CLANG_WARN_CONSTANT_CONVERSION = YES;
				CLANG_WARN_DEPRECATED_OBJC_IMPLEMENTATIONS = YES;
				CLANG_WARN_DIRECT_OBJC_ISA_USAGE = YES_ERROR;
				CLANG_WARN_DOCUMENTATION_COMMENTS = YES;
				CLANG_WARN_EMPTY_BODY = YES;
				CLANG_WARN_ENUM_CONVERSION = YES;
				CLANG_WARN_INFINITE_RECURSION = YES;
				CLANG_WARN_INT_CONVERSION = YES;
				CLANG_WARN_NON_LITERAL_NULL_CONVERSION = YES;
				CLANG_WARN_OBJC_IMPLICIT_RETAIN_SELF = YES;
				CLANG_WARN_OBJC_LITERAL_CONVERSION = YES;
				CLANG_WARN_OBJC_ROOT_CLASS = YES_ERROR;
				CLANG_WARN_RANGE_LOOP_ANALYSIS = YES;
				CLANG_WARN_STRICT_PROTOTYPES = YES;
				CLANG_WARN_SUSPICIOUS_MOVE = YES;
				CLANG_WARN_UNGUARDED_AVAILABILITY = YES_AGGRESSIVE;
				CLANG_WARN_UNREACHABLE_CODE = YES;
				CLANG_WARN__DUPLICATE_METHOD_MATCH = YES;
				CODE_SIGN_IDENTITY = "iPhone Developer";
				COPY_PHASE_STRIP = NO;
				DEBUG_INFORMATION_FORMAT = dwarf;
				ENABLE_STRICT_OBJC_MSGSEND = YES;
				ENABLE_TESTABILITY = YES;
				GCC_C_LANGUAGE_STANDARD = gnu11;
				GCC_DYNAMIC_NO_PIC = NO;
				GCC_NO_COMMON_BLOCKS = YES;
				GCC_OPTIMIZATION_LEVEL = 0;
				GCC_PREPROCESSOR_DEFINITIONS = (
					"DEBUG=1",
					"$(inherited)",
				);
				GCC_WARN_64_TO_32_BIT_CONVERSION = YES;
				GCC_WARN_ABOUT_RETURN_TYPE = YES_ERROR;
				GCC_WARN_UNDECLARED_SELECTOR = YES;
				GCC_WARN_UNINITIALIZED_AUTOS = YES_AGGRESSIVE;
				GCC_WARN_UNUSED_FUNCTION = YES;
				GCC_WARN_UNUSED_VARIABLE = YES;
				IPHONEOS_DEPLOYMENT_TARGET = 11.3;
				MTL_ENABLE_DEBUG_INFO = YES;
				ONLY_ACTIVE_ARCH = YES;
				SDKROOT = iphoneos;
				SWIFT_ACTIVE_COMPILATION_CONDITIONS = DEBUG;
				SWIFT_OPTIMIZATION_LEVEL = "-Onone";
			};
			name = Debug;
		};
		59FEB384209B417600E4AAD7 /* Release */ = {
			isa = XCBuildConfiguration;
			buildSettings = {
				ALWAYS_SEARCH_USER_PATHS = NO;
				CLANG_ANALYZER_NONNULL = YES;
				CLANG_ANALYZER_NUMBER_OBJECT_CONVERSION = YES_AGGRESSIVE;
				CLANG_CXX_LANGUAGE_STANDARD = "gnu++14";
				CLANG_CXX_LIBRARY = "libc++";
				CLANG_ENABLE_MODULES = YES;
				CLANG_ENABLE_OBJC_ARC = YES;
				CLANG_ENABLE_OBJC_WEAK = YES;
				CLANG_WARN_BLOCK_CAPTURE_AUTORELEASING = YES;
				CLANG_WARN_BOOL_CONVERSION = YES;
				CLANG_WARN_COMMA = YES;
				CLANG_WARN_CONSTANT_CONVERSION = YES;
				CLANG_WARN_DEPRECATED_OBJC_IMPLEMENTATIONS = YES;
				CLANG_WARN_DIRECT_OBJC_ISA_USAGE = YES_ERROR;
				CLANG_WARN_DOCUMENTATION_COMMENTS = YES;
				CLANG_WARN_EMPTY_BODY = YES;
				CLANG_WARN_ENUM_CONVERSION = YES;
				CLANG_WARN_INFINITE_RECURSION = YES;
				CLANG_WARN_INT_CONVERSION = YES;
				CLANG_WARN_NON_LITERAL_NULL_CONVERSION = YES;
				CLANG_WARN_OBJC_IMPLICIT_RETAIN_SELF = YES;
				CLANG_WARN_OBJC_LITERAL_CONVERSION = YES;
				CLANG_WARN_OBJC_ROOT_CLASS = YES_ERROR;
				CLANG_WARN_RANGE_LOOP_ANALYSIS = YES;
				CLANG_WARN_STRICT_PROTOTYPES = YES;
				CLANG_WARN_SUSPICIOUS_MOVE = YES;
				CLANG_WARN_UNGUARDED_AVAILABILITY = YES_AGGRESSIVE;
				CLANG_WARN_UNREACHABLE_CODE = YES;
				CLANG_WARN__DUPLICATE_METHOD_MATCH = YES;
				CODE_SIGN_IDENTITY = "iPhone Developer";
				COPY_PHASE_STRIP = NO;
				DEBUG_INFORMATION_FORMAT = "dwarf-with-dsym";
				ENABLE_NS_ASSERTIONS = NO;
				ENABLE_STRICT_OBJC_MSGSEND = YES;
				GCC_C_LANGUAGE_STANDARD = gnu11;
				GCC_NO_COMMON_BLOCKS = YES;
				GCC_WARN_64_TO_32_BIT_CONVERSION = YES;
				GCC_WARN_ABOUT_RETURN_TYPE = YES_ERROR;
				GCC_WARN_UNDECLARED_SELECTOR = YES;
				GCC_WARN_UNINITIALIZED_AUTOS = YES_AGGRESSIVE;
				GCC_WARN_UNUSED_FUNCTION = YES;
				GCC_WARN_UNUSED_VARIABLE = YES;
				IPHONEOS_DEPLOYMENT_TARGET = 11.3;
				MTL_ENABLE_DEBUG_INFO = NO;
				SDKROOT = iphoneos;
				SWIFT_COMPILATION_MODE = wholemodule;
				SWIFT_OPTIMIZATION_LEVEL = "-O";
				VALIDATE_PRODUCT = YES;
			};
			name = Release;
		};
		59FEB386209B417600E4AAD7 /* Debug */ = {
			isa = XCBuildConfiguration;
			buildSettings = {
				ASSETCATALOG_COMPILER_APPICON_NAME = AppIcon;
				CODE_SIGN_STYLE = Automatic;
				DEVELOPMENT_TEAM = A6H5JP5GD9;
				INFOPLIST_FILE = "A512頁面傳遞作業/Info.plist";
				LD_RUNPATH_SEARCH_PATHS = (
					"$(inherited)",
					"@executable_path/Frameworks",
				);
				PRODUCT_BUNDLE_IDENTIFIER = "com.fan.A512------";
				PRODUCT_NAME = "$(TARGET_NAME)";
				SWIFT_VERSION = 4.0;
				TARGETED_DEVICE_FAMILY = "1,2";
			};
			name = Debug;
		};
		59FEB387209B417600E4AAD7 /* Release */ = {
			isa = XCBuildConfiguration;
			buildSettings = {
				ASSETCATALOG_COMPILER_APPICON_NAME = AppIcon;
				CODE_SIGN_STYLE = Automatic;
				DEVELOPMENT_TEAM = A6H5JP5GD9;
				INFOPLIST_FILE = "A512頁面傳遞作業/Info.plist";
				LD_RUNPATH_SEARCH_PATHS = (
					"$(inherited)",
					"@executable_path/Frameworks",
				);
				PRODUCT_BUNDLE_IDENTIFIER = "com.fan.A512------";
				PRODUCT_NAME = "$(TARGET_NAME)";
				SWIFT_VERSION = 4.0;
				TARGETED_DEVICE_FAMILY = "1,2";
			};
			name = Release;
		};
		59FEB389209B417600E4AAD7 /* Debug */ = {
			isa = XCBuildConfiguration;
			buildSettings = {
				ALWAYS_EMBED_SWIFT_STANDARD_LIBRARIES = YES;
				BUNDLE_LOADER = "$(TEST_HOST)";
				CODE_SIGN_STYLE = Automatic;
				DEVELOPMENT_TEAM = A6H5JP5GD9;
				INFOPLIST_FILE = "A512頁面傳遞作業Tests/Info.plist";
				LD_RUNPATH_SEARCH_PATHS = (
					"$(inherited)",
					"@executable_path/Frameworks",
					"@loader_path/Frameworks",
				);
				PRODUCT_BUNDLE_IDENTIFIER = "com.fan.A512------Tests";
				PRODUCT_NAME = "$(TARGET_NAME)";
				SWIFT_VERSION = 4.0;
				TARGETED_DEVICE_FAMILY = "1,2";
				TEST_HOST = "$(BUILT_PRODUCTS_DIR)/A512頁面傳遞作業.app/A512頁面傳遞作業";
			};
			name = Debug;
		};
		59FEB38A209B417600E4AAD7 /* Release */ = {
			isa = XCBuildConfiguration;
			buildSettings = {
				ALWAYS_EMBED_SWIFT_STANDARD_LIBRARIES = YES;
				BUNDLE_LOADER = "$(TEST_HOST)";
				CODE_SIGN_STYLE = Automatic;
				DEVELOPMENT_TEAM = A6H5JP5GD9;
				INFOPLIST_FILE = "A512頁面傳遞作業Tests/Info.plist";
				LD_RUNPATH_SEARCH_PATHS = (
					"$(inherited)",
					"@executable_path/Frameworks",
					"@loader_path/Frameworks",
				);
				PRODUCT_BUNDLE_IDENTIFIER = "com.fan.A512------Tests";
				PRODUCT_NAME = "$(TARGET_NAME)";
				SWIFT_VERSION = 4.0;
				TARGETED_DEVICE_FAMILY = "1,2";
				TEST_HOST = "$(BUILT_PRODUCTS_DIR)/A512頁面傳遞作業.app/A512頁面傳遞作業";
			};
			name = Release;
		};
		59FEB38C209B417600E4AAD7 /* Debug */ = {
			isa = XCBuildConfiguration;
			buildSettings = {
				ALWAYS_EMBED_SWIFT_STANDARD_LIBRARIES = YES;
				CODE_SIGN_STYLE = Automatic;
				DEVELOPMENT_TEAM = A6H5JP5GD9;
				INFOPLIST_FILE = "A512頁面傳遞作業UITests/Info.plist";
				LD_RUNPATH_SEARCH_PATHS = (
					"$(inherited)",
					"@executable_path/Frameworks",
					"@loader_path/Frameworks",
				);
				PRODUCT_BUNDLE_IDENTIFIER = "com.fan.A512------UITests";
				PRODUCT_NAME = "$(TARGET_NAME)";
				SWIFT_VERSION = 4.0;
				TARGETED_DEVICE_FAMILY = "1,2";
				TEST_TARGET_NAME = "A512頁面傳遞作業";
			};
			name = Debug;
		};
		59FEB38D209B417600E4AAD7 /* Release */ = {
			isa = XCBuildConfiguration;
			buildSettings = {
				ALWAYS_EMBED_SWIFT_STANDARD_LIBRARIES = YES;
				CODE_SIGN_STYLE = Automatic;
				DEVELOPMENT_TEAM = A6H5JP5GD9;
				INFOPLIST_FILE = "A512頁面傳遞作業UITests/Info.plist";
				LD_RUNPATH_SEARCH_PATHS = (
					"$(inherited)",
					"@executable_path/Frameworks",
					"@loader_path/Frameworks",
				);
				PRODUCT_BUNDLE_IDENTIFIER = "com.fan.A512------UITests";
				PRODUCT_NAME = "$(TARGET_NAME)";
				SWIFT_VERSION = 4.0;
				TARGETED_DEVICE_FAMILY = "1,2";
				TEST_TARGET_NAME = "A512頁面傳遞作業";
			};
			name = Release;
		};
/* End XCBuildConfiguration section */

/* Begin XCConfigurationList section */
		59FEB358209B417300E4AAD7 /* Build configuration list for PBXProject "A512頁面傳遞作業" */ = {
			isa = XCConfigurationList;
			buildConfigurations = (
				59FEB383209B417600E4AAD7 /* Debug */,
				59FEB384209B417600E4AAD7 /* Release */,
			);
			defaultConfigurationIsVisible = 0;
			defaultConfigurationName = Release;
		};
		59FEB385209B417600E4AAD7 /* Build configuration list for PBXNativeTarget "A512頁面傳遞作業" */ = {
			isa = XCConfigurationList;
			buildConfigurations = (
				59FEB386209B417600E4AAD7 /* Debug */,
				59FEB387209B417600E4AAD7 /* Release */,
			);
			defaultConfigurationIsVisible = 0;
			defaultConfigurationName = Release;
		};
		59FEB388209B417600E4AAD7 /* Build configuration list for PBXNativeTarget "A512頁面傳遞作業Tests" */ = {
			isa = XCConfigurationList;
			buildConfigurations = (
				59FEB389209B417600E4AAD7 /* Debug */,
				59FEB38A209B417600E4AAD7 /* Release */,
			);
			defaultConfigurationIsVisible = 0;
			defaultConfigurationName = Release;
		};
		59FEB38B209B417600E4AAD7 /* Build configuration list for PBXNativeTarget "A512頁面傳遞作業UITests" */ = {
			isa = XCConfigurationList;
			buildConfigurations = (
				59FEB38C209B417600E4AAD7 /* Debug */,
				59FEB38D209B417600E4AAD7 /* Release */,
			);
			defaultConfigurationIsVisible = 0;
			defaultConfigurationName = Release;
		};
/* End XCConfigurationList section */
	};
	rootObject = 59FEB355209B417300E4AAD7 /* Project object */;
}
